
Microsoft Visual Studio Solution File, Format Version 12.00
# Visual Studio Version 16
VisualStudioVersion = 16.0.29709.97
MinimumVisualStudioVersion = 10.0.40219.1
Project("{9A19103F-16F7-4668-BE54-9A1E7A4F7556}") = "GoWorkFactoryDataBase", "GoWorkFactoryDataBase\GoWorkFactoryDataBase.csproj", "{3D281130-37E0-439E-BB52-40208C566296}"
EndProject
Project("{9A19103F-16F7-4668-BE54-9A1E7A4F7556}") = "GoWorkFactoryBusinessLogic", "GoWorkFactoryBusinessLogic\GoWorkFactoryBusinessLogic.csproj", "{2D1AF772-588C-4A9D-BBE0-B14D3FDA09B7}"
EndProject
Project("{FAE04EC0-301F-11D3-BF4B-00C04F79EFBC}") = "GoWorkFactoryASPNET", "GoWorkFactoryASPNET\GoWorkFactoryASPNET.csproj", "{D61C8339-6743-41DC-B3B4-599FEA233B31}"
EndProject
Global
	GlobalSection(SolutionConfigurationPlatforms) = preSolution
		Debug|Any CPU = Debug|Any CPU
		Release|Any CPU = Release|Any CPU
	EndGlobalSection
	GlobalSection(ProjectConfigurationPlatforms) = postSolution
		{3D281130-37E0-439E-BB52-40208C566296}.Debug|Any CPU.ActiveCfg = Debug|Any CPU
		{3D281130-37E0-439E-BB52-40208C566296}.Debug|Any CPU.Build.0 = Debug|Any CPU
		{3D281130-37E0-439E-BB52-40208C566296}.Release|Any CPU.ActiveCfg = Release|Any CPU
		{3D281130-37E0-439E-BB52-40208C566296}.Release|Any CPU.Build.0 = Release|Any CPU
		{2D1AF772-588C-4A9D-BBE0-B14D3FDA09B7}.Debug|Any CPU.ActiveCfg = Debug|Any CPU
		{2D1AF772-588C-4A9D-BBE0-B14D3FDA09B7}.Debug|Any CPU.Build.0 = Debug|Any CPU
		{2D1AF772-588C-4A9D-BBE0-B14D3FDA09B7}.Release|Any CPU.ActiveCfg = Release|Any CPU
		{2D1AF772-588C-4A9D-BBE0-B14D3FDA09B7}.Release|Any CPU.Build.0 = Release|Any CPU
		{D61C8339-6743-41DC-B3B4-599FEA233B31}.Debug|Any CPU.ActiveCfg = Debug|Any CPU
		{D61C8339-6743-41DC-B3B4-599FEA233B31}.Debug|Any CPU.Build.0 = Debug|Any CPU
		{D61C8339-6743-41DC-B3B4-599FEA233B31}.Release|Any CPU.ActiveCfg = Release|Any CPU
		{D61C8339-6743-41DC-B3B4-599FEA233B31}.Release|Any CPU.Build.0 = Release|Any CPU
	EndGlobalSection
	GlobalSection(SolutionProperties) = preSolution
		HideSolutionNode = FALSE
	EndGlobalSection
	GlobalSection(ExtensibilityGlobals) = postSolution
		SolutionGuid = {2B63001E-BA5C-41D7-BCEA-3A63D383DC4D}
	EndGlobalSection
EndGlobal
